// !$*UTF8*$!
{
	archiveVersion = 1;
	classes = {
	};
	objectVersion = 50;
	objects = {

/* Begin PBXBuildFile section */
		2F4E4259249C8622008E3CB2 /* AppDelegate.swift in Sources */ = {isa = PBXBuildFile; fileRef = 2F4E4258249C8622008E3CB2 /* AppDelegate.swift */; };
		2F4E425B249C8622008E3CB2 /* SceneDelegate.swift in Sources */ = {isa = PBXBuildFile; fileRef = 2F4E425A249C8622008E3CB2 /* SceneDelegate.swift */; };
		2F4E425D249C8622008E3CB2 /* ContentView.swift in Sources */ = {isa = PBXBuildFile; fileRef = 2F4E425C249C8622008E3CB2 /* ContentView.swift */; };
		2F4E425F249C8626008E3CB2 /* Assets.xcassets in Resources */ = {isa = PBXBuildFile; fileRef = 2F4E425E249C8626008E3CB2 /* Assets.xcassets */; };
		2F4E4262249C8626008E3CB2 /* Preview Assets.xcassets in Resources */ = {isa = PBXBuildFile; fileRef = 2F4E4261249C8626008E3CB2 /* Preview Assets.xcassets */; };
		2F4E4265249C8626008E3CB2 /* LaunchScreen.storyboard in Resources */ = {isa = PBXBuildFile; fileRef = 2F4E4263249C8626008E3CB2 /* LaunchScreen.storyboard */; };
		2F4E4270249C8626008E3CB2 /* LCalendarTests.swift in Sources */ = {isa = PBXBuildFile; fileRef = 2F4E426F249C8626008E3CB2 /* LCalendarTests.swift */; };
		2F7A879924A1DCA200B80298 /* CalendarGridStackView.swift in Sources */ = {isa = PBXBuildFile; fileRef = 2F7A879824A1DCA200B80298 /* CalendarGridStackView.swift */; };
		2FC04D9F24A0384C000AB9BD /* MonthViewItem.swift in Sources */ = {isa = PBXBuildFile; fileRef = 2FC04D9E24A0384C000AB9BD /* MonthViewItem.swift */; };
		2FC04DA124A038E0000AB9BD /* DateUtils.swift in Sources */ = {isa = PBXBuildFile; fileRef = 2FC04DA024A038E0000AB9BD /* DateUtils.swift */; };
		2FFE223924A2E6650028F2F5 /* MonthView.swift in Sources */ = {isa = PBXBuildFile; fileRef = 2FFE223824A2E6650028F2F5 /* MonthView.swift */; };
		2FFE223B24A2E80A0028F2F5 /* CalendarView.swift in Sources */ = {isa = PBXBuildFile; fileRef = 2FFE223A24A2E80A0028F2F5 /* CalendarView.swift */; };
		2FFE223F24A2F2290028F2F5 /* CirculateViewPager.swift in Sources */ = {isa = PBXBuildFile; fileRef = 2FFE223E24A2F2290028F2F5 /* CirculateViewPager.swift */; };
/* End PBXBuildFile section */

/* Begin PBXContainerItemProxy section */
		2F4E426C249C8626008E3CB2 /* PBXContainerItemProxy */ = {
			isa = PBXContainerItemProxy;
			containerPortal = 2F4E424D249C8622008E3CB2 /* Project object */;
			proxyType = 1;
			remoteGlobalIDString = 2F4E4254249C8622008E3CB2;
			remoteInfo = LCalendar;
		};
/* End PBXContainerItemProxy section */

/* Begin PBXFileReference section */
		2F4E4255249C8622008E3CB2 /* LCalendar.app */ = {isa = PBXFileReference; explicitFileType = wrapper.application; includeInIndex = 0; path = LCalendar.app; sourceTree = BUILT_PRODUCTS_DIR; };
		2F4E4258249C8622008E3CB2 /* AppDelegate.swift */ = {isa = PBXFileReference; lastKnownFileType = sourcecode.swift; path = AppDelegate.swift; sourceTree = "<group>"; };
		2F4E425A249C8622008E3CB2 /* SceneDelegate.swift */ = {isa = PBXFileReference; lastKnownFileType = sourcecode.swift; path = SceneDelegate.swift; sourceTree = "<group>"; };
		2F4E425C249C8622008E3CB2 /* ContentView.swift */ = {isa = PBXFileReference; lastKnownFileType = sourcecode.swift; path = ContentView.swift; sourceTree = "<group>"; };
		2F4E425E249C8626008E3CB2 /* Assets.xcassets */ = {isa = PBXFileReference; lastKnownFileType = folder.assetcatalog; path = Assets.xcassets; sourceTree = "<group>"; };
		2F4E4261249C8626008E3CB2 /* Preview Assets.xcassets */ = {isa = PBXFileReference; lastKnownFileType = folder.assetcatalog; path = "Preview Assets.xcassets"; sourceTree = "<group>"; };
		2F4E4264249C8626008E3CB2 /* Base */ = {isa = PBXFileReference; lastKnownFileType = file.storyboard; name = Base; path = Base.lproj/LaunchScreen.storyboard; sourceTree = "<group>"; };
		2F4E4266249C8626008E3CB2 /* Info.plist */ = {isa = PBXFileReference; lastKnownFileType = text.plist.xml; path = Info.plist; sourceTree = "<group>"; };
		2F4E426B249C8626008E3CB2 /* LCalendarTests.xctest */ = {isa = PBXFileReference; explicitFileType = wrapper.cfbundle; includeInIndex = 0; path = LCalendarTests.xctest; sourceTree = BUILT_PRODUCTS_DIR; };
		2F4E426F249C8626008E3CB2 /* LCalendarTests.swift */ = {isa = PBXFileReference; lastKnownFileType = sourcecode.swift; path = LCalendarTests.swift; sourceTree = "<group>"; };
		2F4E4271249C8626008E3CB2 /* Info.plist */ = {isa = PBXFileReference; lastKnownFileType = text.plist.xml; path = Info.plist; sourceTree = "<group>"; };
		2F7A879824A1DCA200B80298 /* CalendarGridStackView.swift */ = {isa = PBXFileReference; lastKnownFileType = sourcecode.swift; path = CalendarGridStackView.swift; sourceTree = "<group>"; };
		2FC04D9E24A0384C000AB9BD /* MonthViewItem.swift */ = {isa = PBXFileReference; lastKnownFileType = sourcecode.swift; path = MonthViewItem.swift; sourceTree = "<group>"; };
		2FC04DA024A038E0000AB9BD /* DateUtils.swift */ = {isa = PBXFileReference; lastKnownFileType = sourcecode.swift; path = DateUtils.swift; sourceTree = "<group>"; };
		2FFE223824A2E6650028F2F5 /* MonthView.swift */ = {isa = PBXFileReference; lastKnownFileType = sourcecode.swift; path = MonthView.swift; sourceTree = "<group>"; };
		2FFE223A24A2E80A0028F2F5 /* CalendarView.swift */ = {isa = PBXFileReference; lastKnownFileType = sourcecode.swift; path = CalendarView.swift; sourceTree = "<group>"; };
		2FFE223E24A2F2290028F2F5 /* CirculateViewPager.swift */ = {isa = PBXFileReference; lastKnownFileType = sourcecode.swift; path = CirculateViewPager.swift; sourceTree = "<group>"; };
/* End PBXFileReference section */

/* Begin PBXFrameworksBuildPhase section */
		2F4E4252249C8622008E3CB2 /* Frameworks */ = {
			isa = PBXFrameworksBuildPhase;
			buildActionMask = 2147483647;
			files = (
			);
			runOnlyForDeploymentPostprocessing = 0;
		};
		2F4E4268249C8626008E3CB2 /* Frameworks */ = {
			isa = PBXFrameworksBuildPhase;
			buildActionMask = 2147483647;
			files = (
			);
			runOnlyForDeploymentPostprocessing = 0;
		};
/* End PBXFrameworksBuildPhase section */

/* Begin PBXGroup section */
		2F4E424C249C8622008E3CB2 = {
			isa = PBXGroup;
			children = (
				2F4E4257249C8622008E3CB2 /* LCalendar */,
				2F4E426E249C8626008E3CB2 /* LCalendarTests */,
				2F4E4256249C8622008E3CB2 /* Products */,
			);
			sourceTree = "<group>";
		};
		2F4E4256249C8622008E3CB2 /* Products */ = {
			isa = PBXGroup;
			children = (
				2F4E4255249C8622008E3CB2 /* LCalendar.app */,
				2F4E426B249C8626008E3CB2 /* LCalendarTests.xctest */,
			);
			name = Products;
			sourceTree = "<group>";
		};
		2F4E4257249C8622008E3CB2 /* LCalendar */ = {
			isa = PBXGroup;
			children = (
				2F4E427B249C8687008E3CB2 /* DateUtils */,
				2F4E427A249C8638008E3CB2 /* CalendarView */,
				2F4E4258249C8622008E3CB2 /* AppDelegate.swift */,
				2F4E425A249C8622008E3CB2 /* SceneDelegate.swift */,
				2F4E425C249C8622008E3CB2 /* ContentView.swift */,
				2F4E425E249C8626008E3CB2 /* Assets.xcassets */,
				2F4E4263249C8626008E3CB2 /* LaunchScreen.storyboard */,
				2F4E4266249C8626008E3CB2 /* Info.plist */,
				2F4E4260249C8626008E3CB2 /* Preview Content */,
			);
			path = LCalendar;
			sourceTree = "<group>";
		};
		2F4E4260249C8626008E3CB2 /* Preview Content */ = {
			isa = PBXGroup;
			children = (
				2F4E4261249C8626008E3CB2 /* Preview Assets.xcassets */,
			);
			path = "Preview Content";
			sourceTree = "<group>";
		};
		2F4E426E249C8626008E3CB2 /* LCalendarTests */ = {
			isa = PBXGroup;
			children = (
				2F4E426F249C8626008E3CB2 /* LCalendarTests.swift */,
				2F4E4271249C8626008E3CB2 /* Info.plist */,
			);
			path = LCalendarTests;
			sourceTree = "<group>";
		};
		2F4E427A249C8638008E3CB2 /* CalendarView */ = {
			isa = PBXGroup;
			children = (
				2F7A879824A1DCA200B80298 /* CalendarGridStackView.swift */,
				2FFE223824A2E6650028F2F5 /* MonthView.swift */,
				2FFE223A24A2E80A0028F2F5 /* CalendarView.swift */,
				2FFE223E24A2F2290028F2F5 /* CirculateViewPager.swift */,
			);
			path = CalendarView;
			sourceTree = "<group>";
		};
		2F4E427B249C8687008E3CB2 /* DateUtils */ = {
			isa = PBXGroup;
			children = (
				2FC04D9E24A0384C000AB9BD /* MonthViewItem.swift */,
				2FC04DA024A038E0000AB9BD /* DateUtils.swift */,
			);
			path = DateUtils;
			sourceTree = "<group>";
		};
/* End PBXGroup section */

/* Begin PBXNativeTarget section */
		2F4E4254249C8622008E3CB2 /* LCalendar */ = {
			isa = PBXNativeTarget;
			buildConfigurationList = 2F4E4274249C8626008E3CB2 /* Build configuration list for PBXNativeTarget "LCalendar" */;
			buildPhases = (
				2F4E4251249C8622008E3CB2 /* Sources */,
				2F4E4252249C8622008E3CB2 /* Frameworks */,
				2F4E4253249C8622008E3CB2 /* Resources */,
			);
			buildRules = (
			);
			dependencies = (
			);
			name = LCalendar;
			productName = LCalendar;
			productReference = 2F4E4255249C8622008E3CB2 /* LCalendar.app */;
			productType = "com.apple.product-type.application";
		};
		2F4E426A249C8626008E3CB2 /* LCalendarTests */ = {
			isa = PBXNativeTarget;
			buildConfigurationList = 2F4E4277249C8626008E3CB2 /* Build configuration list for PBXNativeTarget "LCalendarTests" */;
			buildPhases = (
				2F4E4267249C8626008E3CB2 /* Sources */,
				2F4E4268249C8626008E3CB2 /* Frameworks */,
				2F4E4269249C8626008E3CB2 /* Resources */,
			);
			buildRules = (
			);
			dependencies = (
				2F4E426D249C8626008E3CB2 /* PBXTargetDependency */,
			);
			name = LCalendarTests;
			productName = LCalendarTests;
			productReference = 2F4E426B249C8626008E3CB2 /* LCalendarTests.xctest */;
			productType = "com.apple.product-type.bundle.unit-test";
		};
/* End PBXNativeTarget section */

/* Begin PBXProject section */
		2F4E424D249C8622008E3CB2 /* Project object */ = {
			isa = PBXProject;
			attributes = {
				LastSwiftUpdateCheck = 1150;
				LastUpgradeCheck = 1150;
				ORGANIZATIONNAME = "张捷";
				TargetAttributes = {
					2F4E4254249C8622008E3CB2 = {
						CreatedOnToolsVersion = 11.5;
					};
					2F4E426A249C8626008E3CB2 = {
						CreatedOnToolsVersion = 11.5;
						TestTargetID = 2F4E4254249C8622008E3CB2;
					};
				};
			};
			buildConfigurationList = 2F4E4250249C8622008E3CB2 /* Build configuration list for PBXProject "LCalendar" */;
			compatibilityVersion = "Xcode 9.3";
			developmentRegion = en;
			hasScannedForEncodings = 0;
			knownRegions = (
				en,
				Base,
			);
			mainGroup = 2F4E424C249C8622008E3CB2;
			productRefGroup = 2F4E4256249C8622008E3CB2 /* Products */;
			projectDirPath = "";
			projectRoot = "";
			targets = (
				2F4E4254249C8622008E3CB2 /* LCalendar */,
				2F4E426A249C8626008E3CB2 /* LCalendarTests */,
			);
		};
/* End PBXProject section */

/* Begin PBXResourcesBuildPhase section */
		2F4E4253249C8622008E3CB2 /* Resources */ = {
			isa = PBXResourcesBuildPhase;
			buildActionMask = 2147483647;
			files = (
				2F4E4265249C8626008E3CB2 /* LaunchScreen.storyboard in Resources */,
				2F4E4262249C8626008E3CB2 /* Preview Assets.xcassets in Resources */,
				2F4E425F249C8626008E3CB2 /* Assets.xcassets in Resources */,
			);
			runOnlyForDeploymentPostprocessing = 0;
		};
		2F4E4269249C8626008E3CB2 /* Resources */ = {
			isa = PBXResourcesBuildPhase;
			buildActionMask = 2147483647;
			files = (
			);
			runOnlyForDeploymentPostprocessing = 0;
		};
/* End PBXResourcesBuildPhase section */

/* Begin PBXSourcesBuildPhase section */
		2F4E4251249C8622008E3CB2 /* Sources */ = {
			isa = PBXSourcesBuildPhase;
			buildActionMask = 2147483647;
			files = (
				2F4E4259249C8622008E3CB2 /* AppDelegate.swift in Sources */,
				2F4E425B249C8622008E3CB2 /* SceneDelegate.swift in Sources */,
				2FFE223B24A2E80A0028F2F5 /* CalendarView.swift in Sources */,
				2F7A879924A1DCA200B80298 /* CalendarGridStackView.swift in Sources */,
				2FC04DA124A038E0000AB9BD /* DateUtils.swift in Sources */,
				2FFE223F24A2F2290028F2F5 /* CirculateViewPager.swift in Sources */,
				2FC04D9F24A0384C000AB9BD /* MonthViewItem.swift in Sources */,
				2F4E425D249C8622008E3CB2 /* ContentView.swift in Sources */,
				2FFE223924A2E6650028F2F5 /* MonthView.swift in Sources */,
			);
			runOnlyForDeploymentPostprocessing = 0;
		};
		2F4E4267249C8626008E3CB2 /* Sources */ = {
			isa = PBXSourcesBuildPhase;
			buildActionMask = 2147483647;
			files = (
				2F4E4270249C8626008E3CB2 /* LCalendarTests.swift in Sources */,
			);
			runOnlyForDeploymentPostprocessing = 0;
		};
/* End PBXSourcesBuildPhase section */

/* Begin PBXTargetDependency section */
		2F4E426D249C8626008E3CB2 /* PBXTargetDependency */ = {
			isa = PBXTargetDependency;
			target = 2F4E4254249C8622008E3CB2 /* LCalendar */;
			targetProxy = 2F4E426C249C8626008E3CB2 /* PBXContainerItemProxy */;
		};
/* End PBXTargetDependency section */

/* Begin PBXVariantGroup section */
		2F4E4263249C8626008E3CB2 /* LaunchScreen.storyboard */ = {
			isa = PBXVariantGroup;
			children = (
				2F4E4264249C8626008E3CB2 /* Base */,
			);
			name = LaunchScreen.storyboard;
			sourceTree = "<group>";
		};
/* End PBXVariantGroup section */

/* Begin XCBuildConfiguration section */
		2F4E4272249C8626008E3CB2 /* Debug */ = {
			isa = XCBuildConfiguration;
			buildSettings = {
				ALWAYS_SEARCH_USER_PATHS = NO;
				CLANG_ANALYZER_NONNULL = YES;
				CLANG_ANALYZER_NUMBER_OBJECT_CONVERSION = YES_AGGRESSIVE;
				CLANG_CXX_LANGUAGE_STANDARD = "gnu++14";
				CLANG_CXX_LIBRARY = "libc++";
				CLANG_ENABLE_MODULES = YES;
				CLANG_ENABLE_OBJC_ARC = YES;
				CLANG_ENABLE_OBJC_WEAK = YES;
				CLANG_WARN_BLOCK_CAPTURE_AUTORELEASING = YES;
				CLANG_WARN_BOOL_CONVERSION = YES;
				CLANG_WARN_COMMA = YES;
				CLANG_WARN_CONSTANT_CONVERSION = YES;
				CLANG_WARN_DEPRECATED_OBJC_IMPLEMENTATIONS = YES;
				CLANG_WARN_DIRECT_OBJC_ISA_USAGE = YES_ERROR;
				CLANG_WARN_DOCUMENTATION_COMMENTS = YES;
				CLANG_WARN_EMPTY_BODY = YES;
				CLANG_WARN_ENUM_CONVERSION = YES;
				CLANG_WARN_INFINITE_RECURSION = YES;
				CLANG_WARN_INT_CONVERSION = YES;
				CLANG_WARN_NON_LITERAL_NULL_CONVERSION = YES;
				CLANG_WARN_OBJC_IMPLICIT_RETAIN_SELF = YES;
				CLANG_WARN_OBJC_LITERAL_CONVERSION = YES;
				CLANG_WARN_OBJC_ROOT_CLASS = YES_ERROR;
				CLANG_WARN_RANGE_LOOP_ANALYSIS = YES;
				CLANG_WARN_STRICT_PROTOTYPES = YES;
				CLANG_WARN_SUSPICIOUS_MOVE = YES;
				CLANG_WARN_UNGUARDED_AVAILABILITY = YES_AGGRESSIVE;
				CLANG_WARN_UNREACHABLE_CODE = YES;
				CLANG_WARN__DUPLICATE_METHOD_MATCH = YES;
				COPY_PHASE_STRIP = NO;
				DEBUG_INFORMATION_FORMAT = dwarf;
				ENABLE_STRICT_OBJC_MSGSEND = YES;
				ENABLE_TESTABILITY = YES;
				GCC_C_LANGUAGE_STANDARD = gnu11;
				GCC_DYNAMIC_NO_PIC = NO;
				GCC_NO_COMMON_BLOCKS = YES;
				GCC_OPTIMIZATION_LEVEL = 0;
				GCC_PREPROCESSOR_DEFINITIONS = (
					"DEBUG=1",
					"$(inherited)",
				);
				GCC_WARN_64_TO_32_BIT_CONVERSION = YES;
				GCC_WARN_ABOUT_RETURN_TYPE = YES_ERROR;
				GCC_WARN_UNDECLARED_SELECTOR = YES;
				GCC_WARN_UNINITIALIZED_AUTOS = YES_AGGRESSIVE;
				GCC_WARN_UNUSED_FUNCTION = YES;
				GCC_WARN_UNUSED_VARIABLE = YES;
				IPHONEOS_DEPLOYMENT_TARGET = 13.5;
				MTL_ENABLE_DEBUG_INFO = INCLUDE_SOURCE;
				MTL_FAST_MATH = YES;
				ONLY_ACTIVE_ARCH = YES;
				SDKROOT = iphoneos;
				SWIFT_ACTIVE_COMPILATION_CONDITIONS = DEBUG;
				SWIFT_OPTIMIZATION_LEVEL = "-Onone";
			};
			name = Debug;
		};
		2F4E4273249C8626008E3CB2 /* Release */ = {
			isa = XCBuildConfiguration;
			buildSettings = {
				ALWAYS_SEARCH_USER_PATHS = NO;
				CLANG_ANALYZER_NONNULL = YES;
				CLANG_ANALYZER_NUMBER_OBJECT_CONVERSION = YES_AGGRESSIVE;
				CLANG_CXX_LANGUAGE_STANDARD = "gnu++14";
				CLANG_CXX_LIBRARY = "libc++";
				CLANG_ENABLE_MODULES = YES;
				CLANG_ENABLE_OBJC_ARC = YES;
				CLANG_ENABLE_OBJC_WEAK = YES;
				CLANG_WARN_BLOCK_CAPTURE_AUTORELEASING = YES;
				CLANG_WARN_BOOL_CONVERSION = YES;
				CLANG_WARN_COMMA = YES;
				CLANG_WARN_CONSTANT_CONVERSION = YES;
				CLANG_WARN_DEPRECATED_OBJC_IMPLEMENTATIONS = YES;
				CLANG_WARN_DIRECT_OBJC_ISA_USAGE = YES_ERROR;
				CLANG_WARN_DOCUMENTATION_COMMENTS = YES;
				CLANG_WARN_EMPTY_BODY = YES;
				CLANG_WARN_ENUM_CONVERSION = YES;
				CLANG_WARN_INFINITE_RECURSION = YES;
				CLANG_WARN_INT_CONVERSION = YES;
				CLANG_WARN_NON_LITERAL_NULL_CONVERSION = YES;
				CLANG_WARN_OBJC_IMPLICIT_RETAIN_SELF = YES;
				CLANG_WARN_OBJC_LITERAL_CONVERSION = YES;
				CLANG_WARN_OBJC_ROOT_CLASS = YES_ERROR;
				CLANG_WARN_RANGE_LOOP_ANALYSIS = YES;
				CLANG_WARN_STRICT_PROTOTYPES = YES;
				CLANG_WARN_SUSPICIOUS_MOVE = YES;
				CLANG_WARN_UNGUARDED_AVAILABILITY = YES_AGGRESSIVE;
				CLANG_WARN_UNREACHABLE_CODE = YES;
				CLANG_WARN__DUPLICATE_METHOD_MATCH = YES;
				COPY_PHASE_STRIP = NO;
				DEBUG_INFORMATION_FORMAT = "dwarf-with-dsym";
				ENABLE_NS_ASSERTIONS = NO;
				ENABLE_STRICT_OBJC_MSGSEND = YES;
				GCC_C_LANGUAGE_STANDARD = gnu11;
				GCC_NO_COMMON_BLOCKS = YES;
				GCC_WARN_64_TO_32_BIT_CONVERSION = YES;
				GCC_WARN_ABOUT_RETURN_TYPE = YES_ERROR;
				GCC_WARN_UNDECLARED_SELECTOR = YES;
				GCC_WARN_UNINITIALIZED_AUTOS = YES_AGGRESSIVE;
				GCC_WARN_UNUSED_FUNCTION = YES;
				GCC_WARN_UNUSED_VARIABLE = YES;
				IPHONEOS_DEPLOYMENT_TARGET = 13.5;
				MTL_ENABLE_DEBUG_INFO = NO;
				MTL_FAST_MATH = YES;
				SDKROOT = iphoneos;
				SWIFT_COMPILATION_MODE = wholemodule;
				SWIFT_OPTIMIZATION_LEVEL = "-O";
				VALIDATE_PRODUCT = YES;
			};
			name = Release;
		};
		2F4E4275249C8626008E3CB2 /* Debug */ = {
			isa = XCBuildConfiguration;
			buildSettings = {
				ASSETCATALOG_COMPILER_APPICON_NAME = AppIcon;
				CODE_SIGN_STYLE = Automatic;
				DEVELOPMENT_ASSET_PATHS = "\"LCalendar/Preview Content\"";
				DEVELOPMENT_TEAM = 84532Q22TA;
				ENABLE_PREVIEWS = YES;
				INFOPLIST_FILE = LCalendar/Info.plist;
				LD_RUNPATH_SEARCH_PATHS = (
					"$(inherited)",
					"@executable_path/Frameworks",
				);
				PRODUCT_BUNDLE_IDENTIFIER = com.zhangjie.LCalendar;
				PRODUCT_NAME = "$(TARGET_NAME)";
				SWIFT_VERSION = 5.0;
				TARGETED_DEVICE_FAMILY = "1,2";
			};
			name = Debug;
		};
		2F4E4276249C8626008E3CB2 /* Release */ = {
			isa = XCBuildConfiguration;
			buildSettings = {
				ASSETCATALOG_COMPILER_APPICON_NAME = AppIcon;
				CODE_SIGN_STYLE = Automatic;
				DEVELOPMENT_ASSET_PATHS = "\"LCalendar/Preview Content\"";
				DEVELOPMENT_TEAM = 84532Q22TA;
				ENABLE_PREVIEWS = YES;
				INFOPLIST_FILE = LCalendar/Info.plist;
				LD_RUNPATH_SEARCH_PATHS = (
					"$(inherited)",
					"@executable_path/Frameworks",
				);
				PRODUCT_BUNDLE_IDENTIFIER = com.zhangjie.LCalendar;
				PRODUCT_NAME = "$(TARGET_NAME)";
				SWIFT_VERSION = 5.0;
				TARGETED_DEVICE_FAMILY = "1,2";
			};
			name = Release;
		};
		2F4E4278249C8626008E3CB2 /* Debug */ = {
			isa = XCBuildConfiguration;
			buildSettings = {
				ALWAYS_EMBED_SWIFT_STANDARD_LIBRARIES = YES;
				BUNDLE_LOADER = "$(TEST_HOST)";
				CODE_SIGN_STYLE = Automatic;
				DEVELOPMENT_TEAM = 84532Q22TA;
				INFOPLIST_FILE = LCalendarTests/Info.plist;
				IPHONEOS_DEPLOYMENT_TARGET = 13.5;
				LD_RUNPATH_SEARCH_PATHS = (
					"$(inherited)",
					"@executable_path/Frameworks",
					"@loader_path/Frameworks",
				);
				PRODUCT_BUNDLE_IDENTIFIER = com.zhangjie.LCalendarTests;
				PRODUCT_NAME = "$(TARGET_NAME)";
				SWIFT_VERSION = 5.0;
				TARGETED_DEVICE_FAMILY = "1,2";
				TEST_HOST = "$(BUILT_PRODUCTS_DIR)/LCalendar.app/LCalendar";
			};
			name = Debug;
		};
		2F4E4279249C8626008E3CB2 /* Release */ = {
			isa = XCBuildConfiguration;
			buildSettings = {
				ALWAYS_EMBED_SWIFT_STANDARD_LIBRARIES = YES;
				BUNDLE_LOADER = "$(TEST_HOST)";
				CODE_SIGN_STYLE = Automatic;
				DEVELOPMENT_TEAM = 84532Q22TA;
				INFOPLIST_FILE = LCalendarTests/Info.plist;
				IPHONEOS_DEPLOYMENT_TARGET = 13.5;
				LD_RUNPATH_SEARCH_PATHS = (
					"$(inherited)",
					"@executable_path/Frameworks",
					"@loader_path/Frameworks",
				);
				PRODUCT_BUNDLE_IDENTIFIER = com.zhangjie.LCalendarTests;
				PRODUCT_NAME = "$(TARGET_NAME)";
				SWIFT_VERSION = 5.0;
				TARGETED_DEVICE_FAMILY = "1,2";
				TEST_HOST = "$(BUILT_PRODUCTS_DIR)/LCalendar.app/LCalendar";
			};
			name = Release;
		};
/* End XCBuildConfiguration section */

/* Begin XCConfigurationList section */
		2F4E4250249C8622008E3CB2 /* Build configuration list for PBXProject "LCalendar" */ = {
			isa = XCConfigurationList;
			buildConfigurations = (
				2F4E4272249C8626008E3CB2 /* Debug */,
				2F4E4273249C8626008E3CB2 /* Release */,
			);
			defaultConfigurationIsVisible = 0;
			defaultConfigurationName = Release;
		};
		2F4E4274249C8626008E3CB2 /* Build configuration list for PBXNativeTarget "LCalendar" */ = {
			isa = XCConfigurationList;
			buildConfigurations = (
				2F4E4275249C8626008E3CB2 /* Debug */,
				2F4E4276249C8626008E3CB2 /* Release */,
			);
			defaultConfigurationIsVisible = 0;
			defaultConfigurationName = Release;
		};
		2F4E4277249C8626008E3CB2 /* Build configuration list for PBXNativeTarget "LCalendarTests" */ = {
			isa = XCConfigurationList;
			buildConfigurations = (
				2F4E4278249C8626008E3CB2 /* Debug */,
				2F4E4279249C8626008E3CB2 /* Release */,
			);
			defaultConfigurationIsVisible = 0;
			defaultConfigurationName = Release;
		};
/* End XCConfigurationList section */
	};
	rootObject = 2F4E424D249C8622008E3CB2 /* Project object */;
}
